
Microsoft Visual Studio Solution File, Format Version 12.00
# Visual Studio Version 16
VisualStudioVersion = 16.0.31005.135
MinimumVisualStudioVersion = 10.0.40219.1
Project("{FAE04EC0-301F-11D3-BF4B-00C04F79EFBC}") = "zad1", "zad1\zad1.csproj", "{C70B099E-2C15-4958-9675-27DF5EEA3303}"
EndProject
Project("{FAE04EC0-301F-11D3-BF4B-00C04F79EFBC}") = "zad2", "zad2\zad2.csproj", "{C4CBD6CD-7B2E-4760-B055-F6A0AD3F62B5}"
EndProject
Global
	GlobalSection(SolutionConfigurationPlatforms) = preSolution
		Debug|Any CPU = Debug|Any CPU
		Release|Any CPU = Release|Any CPU
	EndGlobalSection
	GlobalSection(ProjectConfigurationPlatforms) = postSolution
		{C70B099E-2C15-4958-9675-27DF5EEA3303}.Debug|Any CPU.ActiveCfg = Debug|Any CPU
		{C70B099E-2C15-4958-9675-27DF5EEA3303}.Debug|Any CPU.Build.0 = Debug|Any CPU
		{C70B099E-2C15-4958-9675-27DF5EEA3303}.Release|Any CPU.ActiveCfg = Release|Any CPU
		{C70B099E-2C15-4958-9675-27DF5EEA3303}.Release|Any CPU.Build.0 = Release|Any CPU
		{C4CBD6CD-7B2E-4760-B055-F6A0AD3F62B5}.Debug|Any CPU.ActiveCfg = Debug|Any CPU
		{C4CBD6CD-7B2E-4760-B055-F6A0AD3F62B5}.Debug|Any CPU.Build.0 = Debug|Any CPU
		{C4CBD6CD-7B2E-4760-B055-F6A0AD3F62B5}.Release|Any CPU.ActiveCfg = Release|Any CPU
		{C4CBD6CD-7B2E-4760-B055-F6A0AD3F62B5}.Release|Any CPU.Build.0 = Release|Any CPU
	EndGlobalSection
	GlobalSection(SolutionProperties) = preSolution
		HideSolutionNode = FALSE
	EndGlobalSection
	GlobalSection(ExtensibilityGlobals) = postSolution
		SolutionGuid = {E85AF82D-8626-4D59-8111-09A5FC1F77C7}
	EndGlobalSection
EndGlobal
