
Microsoft Visual Studio Solution File, Format Version 12.00
# Visual Studio Version 16
VisualStudioVersion = 16.0.31005.135
MinimumVisualStudioVersion = 10.0.40219.1
Project("{9A19103F-16F7-4668-BE54-9A1E7A4F7556}") = "lists", "lists\lists.csproj", "{55B5B74E-9173-40FF-9B7A-2F3CD3FB5E3D}"
EndProject
Project("{FAE04EC0-301F-11D3-BF4B-00C04F79EFBC}") = "ListManipulation", "ListManipulation\ListManipulation.csproj", "{9D8064BA-8E98-48FF-800A-DE024E0C984A}"
EndProject
Global
	GlobalSection(SolutionConfigurationPlatforms) = preSolution
		Debug|Any CPU = Debug|Any CPU
		Release|Any CPU = Release|Any CPU
	EndGlobalSection
	GlobalSection(ProjectConfigurationPlatforms) = postSolution
		{55B5B74E-9173-40FF-9B7A-2F3CD3FB5E3D}.Debug|Any CPU.ActiveCfg = Debug|Any CPU
		{55B5B74E-9173-40FF-9B7A-2F3CD3FB5E3D}.Debug|Any CPU.Build.0 = Debug|Any CPU
		{55B5B74E-9173-40FF-9B7A-2F3CD3FB5E3D}.Release|Any CPU.ActiveCfg = Release|Any CPU
		{55B5B74E-9173-40FF-9B7A-2F3CD3FB5E3D}.Release|Any CPU.Build.0 = Release|Any CPU
		{9D8064BA-8E98-48FF-800A-DE024E0C984A}.Debug|Any CPU.ActiveCfg = Debug|Any CPU
		{9D8064BA-8E98-48FF-800A-DE024E0C984A}.Debug|Any CPU.Build.0 = Debug|Any CPU
		{9D8064BA-8E98-48FF-800A-DE024E0C984A}.Release|Any CPU.ActiveCfg = Release|Any CPU
		{9D8064BA-8E98-48FF-800A-DE024E0C984A}.Release|Any CPU.Build.0 = Release|Any CPU
	EndGlobalSection
	GlobalSection(SolutionProperties) = preSolution
		HideSolutionNode = FALSE
	EndGlobalSection
	GlobalSection(ExtensibilityGlobals) = postSolution
		SolutionGuid = {5F720E0C-5385-4E62-B8E2-2AD926F772D9}
	EndGlobalSection
EndGlobal
